
Microsoft Visual Studio Solution File, Format Version 12.00
# Visual Studio Version 17
VisualStudioVersion = 17.2.32526.322
MinimumVisualStudioVersion = 10.0.40219.1
Project("{FAE04EC0-301F-11D3-BF4B-00C04F79EFBC}") = "CheckBox_kontrola", "CheckBox_kontrola\CheckBox_kontrola.csproj", "{D26440E1-DDFD-4D7A-A90C-21464CF4A982}"
EndProject
Global
	GlobalSection(SolutionConfigurationPlatforms) = preSolution
		Debug|Any CPU = Debug|Any CPU
		Release|Any CPU = Release|Any CPU
	EndGlobalSection
	GlobalSection(ProjectConfigurationPlatforms) = postSolution
		{D26440E1-DDFD-4D7A-A90C-21464CF4A982}.Debug|Any CPU.ActiveCfg = Debug|Any CPU
		{D26440E1-DDFD-4D7A-A90C-21464CF4A982}.Debug|Any CPU.Build.0 = Debug|Any CPU
		{D26440E1-DDFD-4D7A-A90C-21464CF4A982}.Release|Any CPU.ActiveCfg = Release|Any CPU
		{D26440E1-DDFD-4D7A-A90C-21464CF4A982}.Release|Any CPU.Build.0 = Release|Any CPU
	EndGlobalSection
	GlobalSection(SolutionProperties) = preSolution
		HideSolutionNode = FALSE
	EndGlobalSection
	GlobalSection(ExtensibilityGlobals) = postSolution
		SolutionGuid = {6503B300-27E7-4DB1-A92C-AE9859DF204E}
	EndGlobalSection
EndGlobal
